{
  "nodes": {
    "home-manager": {
      "inputs": {
        "nixpkgs": [
          "nixpkgs"
        ]
      },
      "locked": {
        "lastModified": 1743869639,
        "narHash": "sha256-Xhe3whfRW/Ay05z9m1EZ1/AkbV1yo0tm1CbgjtCi4rQ=",
        "owner": "nix-community",
        "repo": "home-manager",
        "rev": "d094c6763c6ddb860580e7d3b4201f8f496a6836",
        "type": "github"
      },
      "original": {
        "owner": "nix-community",
        "ref": "master",
        "repo": "home-manager",
        "type": "github"
      }
    },
    "nix-darwin": {
      "inputs": {
        "nixpkgs": [
          "nixpkgs"
        ]
      },
      "locked": {
        "lastModified": 1744224272,
        "narHash": "sha256-cqePj5nuC7flJWNncaVAFq1YZncU0PSyO0DEqGn+vYc=",
        "owner": "nix-darwin",
        "repo": "nix-darwin",
        "rev": "113883e37d985d26ecb65282766e5719f2539103",
        "type": "github"
      },
      "original": {
        "owner": "nix-darwin",
        "repo": "nix-darwin",
        "type": "github"
      }
    },
    "nixos-hardware": {
      "locked": {
        "lastModified": 1743420942,
        "narHash": "sha256-b/exDDQSLmENZZgbAEI3qi9yHkuXAXCPbormD8CSJXo=",
        "owner": "NixOS",
        "repo": "nixos-hardware",
        "rev": "de6fc5551121c59c01e2a3d45b277a6d05077bc4",
        "type": "github"
      },
      "original": {
        "owner": "NixOS",
        "ref": "master",
        "repo": "nixos-hardware",
        "type": "github"
      }
    },
    "nixpkgs": {
      "locked": {
        "lastModified": 1743827369,
        "narHash": "sha256-rpqepOZ8Eo1zg+KJeWoq1HAOgoMCDloqv5r2EAa9TSA=",
        "owner": "nixos",
        "repo": "nixpkgs",
        "rev": "42a1c966be226125b48c384171c44c651c236c22",
        "type": "github"
      },
      "original": {
        "owner": "nixos",
        "ref": "nixos-unstable",
        "repo": "nixpkgs",
        "type": "github"
      }
    },
    "nixpkgs-stable": {
      "locked": {
        "lastModified": 1743703532,
        "narHash": "sha256-s1KLDALEeqy+ttrvqV3jx9mBZEvmthQErTVOAzbjHZs=",
        "owner": "nixos",
        "repo": "nixpkgs",
        "rev": "bdb91860de2f719b57eef819b5617762f7120c70",
        "type": "github"
      },
      "original": {
        "owner": "nixos",
        "ref": "nixos-24.11",
        "repo": "nixpkgs",
        "type": "github"
      }
    },
    "nixpkgs-unstable": {
      "locked": {
        "lastModified": 1743827369,
        "narHash": "sha256-rpqepOZ8Eo1zg+KJeWoq1HAOgoMCDloqv5r2EAa9TSA=",
        "owner": "nixos",
        "repo": "nixpkgs",
        "rev": "42a1c966be226125b48c384171c44c651c236c22",
        "type": "github"
      },
      "original": {
        "owner": "nixos",
        "ref": "nixos-unstable",
        "repo": "nixpkgs",
        "type": "github"
      }
    },
    "root": {
      "inputs": {
        "home-manager": "home-manager",
        "nix-darwin": "nix-darwin",
        "nixos-hardware": "nixos-hardware",
        "nixpkgs": "nixpkgs",
        "nixpkgs-stable": "nixpkgs-stable",
        "nixpkgs-unstable": "nixpkgs-unstable"
      }
    }
  },
  "root": "root",
  "version": 7
}
